
Microsoft Visual Studio Solution File, Format Version 12.00
# Visual Studio Version 17
VisualStudioVersion = 17.5.33516.290
MinimumVisualStudioVersion = 10.0.40219.1
Project("{FAE04EC0-301F-11D3-BF4B-00C04F79EFBC}") = "FinanceService", "FinanceService.csproj", "{1653872A-758F-4671-8955-7415B9374902}"
EndProject
Project("{2150E333-8FDC-42A3-9474-1A3956D46DE8}") = "Core", "Core", "{EE0B0A2A-84CE-4760-9ECC-22ABC1A811C5}"
EndProject
Project("{2150E333-8FDC-42A3-9474-1A3956D46DE8}") = "Infastructure", "Infastructure", "{E03A6616-1697-4233-BBBC-67FC1A02E0D5}"
EndProject
Project("{2150E333-8FDC-42A3-9474-1A3956D46DE8}") = "Tests", "Tests", "{0103E0ED-4FAE-4E47-AFD6-CB92C778B1B3}"
EndProject
Project("{2150E333-8FDC-42A3-9474-1A3956D46DE8}") = "Presentation", "Presentation", "{F7F09F72-7370-4FB3-8CD0-F265370613AC}"
EndProject
Project("{FAE04EC0-301F-11D3-BF4B-00C04F79EFBC}") = "FinanceService.Application", "..\FinanceService.Application\FinanceService.Application.csproj", "{AEF34779-9968-46AB-8E13-F0BF58275234}"
EndProject
Project("{FAE04EC0-301F-11D3-BF4B-00C04F79EFBC}") = "FinanceService.Domain", "..\FinanceService.Domain\FinanceService.Domain.csproj", "{6ECBADDE-DCE1-4CE5-9442-FAA1858A9D7E}"
EndProject
Project("{FAE04EC0-301F-11D3-BF4B-00C04F79EFBC}") = "FinanceService.Infastructure", "..\FinanceService.Infastructure\FinanceService.Infastructure.csproj", "{1015CBB2-EDDF-451A-9188-97EFFF3EE878}"
EndProject
Global
	GlobalSection(SolutionConfigurationPlatforms) = preSolution
		Debug|Any CPU = Debug|Any CPU
		Release|Any CPU = Release|Any CPU
	EndGlobalSection
	GlobalSection(ProjectConfigurationPlatforms) = postSolution
		{1653872A-758F-4671-8955-7415B9374902}.Debug|Any CPU.ActiveCfg = Debug|Any CPU
		{1653872A-758F-4671-8955-7415B9374902}.Debug|Any CPU.Build.0 = Debug|Any CPU
		{1653872A-758F-4671-8955-7415B9374902}.Release|Any CPU.ActiveCfg = Release|Any CPU
		{1653872A-758F-4671-8955-7415B9374902}.Release|Any CPU.Build.0 = Release|Any CPU
		{AEF34779-9968-46AB-8E13-F0BF58275234}.Debug|Any CPU.ActiveCfg = Debug|Any CPU
		{AEF34779-9968-46AB-8E13-F0BF58275234}.Debug|Any CPU.Build.0 = Debug|Any CPU
		{AEF34779-9968-46AB-8E13-F0BF58275234}.Release|Any CPU.ActiveCfg = Release|Any CPU
		{AEF34779-9968-46AB-8E13-F0BF58275234}.Release|Any CPU.Build.0 = Release|Any CPU
		{6ECBADDE-DCE1-4CE5-9442-FAA1858A9D7E}.Debug|Any CPU.ActiveCfg = Debug|Any CPU
		{6ECBADDE-DCE1-4CE5-9442-FAA1858A9D7E}.Debug|Any CPU.Build.0 = Debug|Any CPU
		{6ECBADDE-DCE1-4CE5-9442-FAA1858A9D7E}.Release|Any CPU.ActiveCfg = Release|Any CPU
		{6ECBADDE-DCE1-4CE5-9442-FAA1858A9D7E}.Release|Any CPU.Build.0 = Release|Any CPU
		{1015CBB2-EDDF-451A-9188-97EFFF3EE878}.Debug|Any CPU.ActiveCfg = Debug|Any CPU
		{1015CBB2-EDDF-451A-9188-97EFFF3EE878}.Debug|Any CPU.Build.0 = Debug|Any CPU
		{1015CBB2-EDDF-451A-9188-97EFFF3EE878}.Release|Any CPU.ActiveCfg = Release|Any CPU
		{1015CBB2-EDDF-451A-9188-97EFFF3EE878}.Release|Any CPU.Build.0 = Release|Any CPU
	EndGlobalSection
	GlobalSection(SolutionProperties) = preSolution
		HideSolutionNode = FALSE
	EndGlobalSection
	GlobalSection(NestedProjects) = preSolution
		{1653872A-758F-4671-8955-7415B9374902} = {F7F09F72-7370-4FB3-8CD0-F265370613AC}
		{AEF34779-9968-46AB-8E13-F0BF58275234} = {EE0B0A2A-84CE-4760-9ECC-22ABC1A811C5}
		{6ECBADDE-DCE1-4CE5-9442-FAA1858A9D7E} = {EE0B0A2A-84CE-4760-9ECC-22ABC1A811C5}
		{1015CBB2-EDDF-451A-9188-97EFFF3EE878} = {E03A6616-1697-4233-BBBC-67FC1A02E0D5}
	EndGlobalSection
	GlobalSection(ExtensibilityGlobals) = postSolution
		SolutionGuid = {9CB6B694-BCDC-4555-8E77-20CD198EDC7F}
	EndGlobalSection
EndGlobal
