
Microsoft Visual Studio Solution File, Format Version 12.00
# Visual Studio Version 17
VisualStudioVersion = 17.5.33516.290
MinimumVisualStudioVersion = 10.0.40219.1
Project("{9A19103F-16F7-4668-BE54-9A1E7A4F7556}") = "FinanceService.Domain", "FinanceService.Domain\FinanceService.Domain.csproj", "{919E66F8-A048-4D4E-B313-1EAB8B077E0A}"
EndProject
Project("{9A19103F-16F7-4668-BE54-9A1E7A4F7556}") = "FinanceService.Application", "FinanceService.Application\FinanceService.Application.csproj", "{30B17C60-43F2-48B5-94DE-A8457A97D339}"
EndProject
Project("{2150E333-8FDC-42A3-9474-1A3956D46DE8}") = "Core", "Core", "{E72642E6-13A4-432B-B8F5-7AB7C912FFD5}"
EndProject
Project("{2150E333-8FDC-42A3-9474-1A3956D46DE8}") = "Infrastructure", "Infrastructure", "{A7CF2ED0-898B-45AC-961F-9C61140953BB}"
EndProject
Project("{2150E333-8FDC-42A3-9474-1A3956D46DE8}") = "Presentation", "Presentation", "{E5B9EA41-050B-4CF1-85A5-75733CBD9080}"
EndProject
Project("{2150E333-8FDC-42A3-9474-1A3956D46DE8}") = "Tests", "Tests", "{D6D4E4FC-38AD-4E93-A063-6686D23F9AE5}"
EndProject
Project("{9A19103F-16F7-4668-BE54-9A1E7A4F7556}") = "FinanceService.API", "FinanceService.API\FinanceService.API.csproj", "{F5B26A6A-2E31-4FBA-9641-609214E3A2BD}"
EndProject
Project("{9A19103F-16F7-4668-BE54-9A1E7A4F7556}") = "FinanceService.Infastructure", "FinanceService.Infastructure\FinanceService.Infastructure.csproj", "{DF129839-0B8F-425D-B81F-60773404A6AA}"
EndProject
Project("{E53339B2-1760-4266-BCC7-CA923CBCF16C}") = "docker-compose", "docker-compose.dcproj", "{C1120EC4-E6CD-4329-BBF8-052B1BE0982E}"
EndProject
Project("{FAE04EC0-301F-11D3-BF4B-00C04F79EFBC}") = "FinanceMicroservice.UnitTests", "..\FinanceMicroservice.UnitTests\FinanceMicroservice.UnitTests.csproj", "{65A87715-4191-477F-B702-814A8FC4140A}"
EndProject
Global
	GlobalSection(SolutionConfigurationPlatforms) = preSolution
		Debug|Any CPU = Debug|Any CPU
		Release|Any CPU = Release|Any CPU
	EndGlobalSection
	GlobalSection(ProjectConfigurationPlatforms) = postSolution
		{919E66F8-A048-4D4E-B313-1EAB8B077E0A}.Debug|Any CPU.ActiveCfg = Debug|Any CPU
		{919E66F8-A048-4D4E-B313-1EAB8B077E0A}.Debug|Any CPU.Build.0 = Debug|Any CPU
		{919E66F8-A048-4D4E-B313-1EAB8B077E0A}.Release|Any CPU.ActiveCfg = Release|Any CPU
		{919E66F8-A048-4D4E-B313-1EAB8B077E0A}.Release|Any CPU.Build.0 = Release|Any CPU
		{30B17C60-43F2-48B5-94DE-A8457A97D339}.Debug|Any CPU.ActiveCfg = Debug|Any CPU
		{30B17C60-43F2-48B5-94DE-A8457A97D339}.Debug|Any CPU.Build.0 = Debug|Any CPU
		{30B17C60-43F2-48B5-94DE-A8457A97D339}.Release|Any CPU.ActiveCfg = Release|Any CPU
		{30B17C60-43F2-48B5-94DE-A8457A97D339}.Release|Any CPU.Build.0 = Release|Any CPU
		{F5B26A6A-2E31-4FBA-9641-609214E3A2BD}.Debug|Any CPU.ActiveCfg = Debug|Any CPU
		{F5B26A6A-2E31-4FBA-9641-609214E3A2BD}.Debug|Any CPU.Build.0 = Debug|Any CPU
		{F5B26A6A-2E31-4FBA-9641-609214E3A2BD}.Release|Any CPU.ActiveCfg = Release|Any CPU
		{F5B26A6A-2E31-4FBA-9641-609214E3A2BD}.Release|Any CPU.Build.0 = Release|Any CPU
		{DF129839-0B8F-425D-B81F-60773404A6AA}.Debug|Any CPU.ActiveCfg = Debug|Any CPU
		{DF129839-0B8F-425D-B81F-60773404A6AA}.Debug|Any CPU.Build.0 = Debug|Any CPU
		{DF129839-0B8F-425D-B81F-60773404A6AA}.Release|Any CPU.ActiveCfg = Release|Any CPU
		{DF129839-0B8F-425D-B81F-60773404A6AA}.Release|Any CPU.Build.0 = Release|Any CPU
		{C1120EC4-E6CD-4329-BBF8-052B1BE0982E}.Debug|Any CPU.ActiveCfg = Debug|Any CPU
		{C1120EC4-E6CD-4329-BBF8-052B1BE0982E}.Debug|Any CPU.Build.0 = Debug|Any CPU
		{C1120EC4-E6CD-4329-BBF8-052B1BE0982E}.Release|Any CPU.ActiveCfg = Release|Any CPU
		{C1120EC4-E6CD-4329-BBF8-052B1BE0982E}.Release|Any CPU.Build.0 = Release|Any CPU
		{65A87715-4191-477F-B702-814A8FC4140A}.Debug|Any CPU.ActiveCfg = Debug|Any CPU
		{65A87715-4191-477F-B702-814A8FC4140A}.Debug|Any CPU.Build.0 = Debug|Any CPU
		{65A87715-4191-477F-B702-814A8FC4140A}.Release|Any CPU.ActiveCfg = Release|Any CPU
		{65A87715-4191-477F-B702-814A8FC4140A}.Release|Any CPU.Build.0 = Release|Any CPU
	EndGlobalSection
	GlobalSection(SolutionProperties) = preSolution
		HideSolutionNode = FALSE
	EndGlobalSection
	GlobalSection(NestedProjects) = preSolution
		{919E66F8-A048-4D4E-B313-1EAB8B077E0A} = {E72642E6-13A4-432B-B8F5-7AB7C912FFD5}
		{30B17C60-43F2-48B5-94DE-A8457A97D339} = {E72642E6-13A4-432B-B8F5-7AB7C912FFD5}
		{F5B26A6A-2E31-4FBA-9641-609214E3A2BD} = {E5B9EA41-050B-4CF1-85A5-75733CBD9080}
		{DF129839-0B8F-425D-B81F-60773404A6AA} = {A7CF2ED0-898B-45AC-961F-9C61140953BB}
		{65A87715-4191-477F-B702-814A8FC4140A} = {D6D4E4FC-38AD-4E93-A063-6686D23F9AE5}
	EndGlobalSection
	GlobalSection(ExtensibilityGlobals) = postSolution
		SolutionGuid = {044CF641-69CB-4583-8BBA-0388AE32780F}
	EndGlobalSection
EndGlobal
