
Microsoft Visual Studio Solution File, Format Version 12.00
# Visual Studio Version 17
VisualStudioVersion = 17.5.33516.290
MinimumVisualStudioVersion = 10.0.40219.1
Project("{E53339B2-1760-4266-BCC7-CA923CBCF16C}") = "docker-compose", "docker-compose.dcproj", "{DF08D662-A44C-45E7-A761-D1D14701D786}"
EndProject
Project("{9A19103F-16F7-4668-BE54-9A1E7A4F7556}") = "IdentityService", "Services\Identity\IdentityService.csproj", "{11C35119-984C-4E70-B611-5D683598D7D2}"
EndProject
Project("{9A19103F-16F7-4668-BE54-9A1E7A4F7556}") = "FinanceService.Api", "Services\Finance\src\FinanceService.Api\FinanceService.Api.csproj", "{6EFA89EA-696F-45BC-BEDA-E1E2CD63E37F}"
EndProject
Project("{9A19103F-16F7-4668-BE54-9A1E7A4F7556}") = "LibraryService.Api", "Services\Library\src\LibraryService.Api\LibraryService.Api.csproj", "{F487A5E0-2828-4345-8A45-97FDE3B5CB1D}"
EndProject
Project("{9A19103F-16F7-4668-BE54-9A1E7A4F7556}") = "OcelotApiGateway", "ApiGateways\OcelotApiGateway\OcelotApiGateway.csproj", "{324FD2EA-9DB8-4D54-BB49-F6121B41DCAD}"
EndProject
Project("{9A19103F-16F7-4668-BE54-9A1E7A4F7556}") = "LibraryService.Infastructure", "Services\Library\src\LibraryService.Infastructure\LibraryService.Infastructure.csproj", "{FD15F990-BE28-4650-BD05-09598FC44C30}"
EndProject
Project("{9A19103F-16F7-4668-BE54-9A1E7A4F7556}") = "LibraryService.Domain", "Services\Library\src\LibraryService.Domain\LibraryService.Domain.csproj", "{A84F44F7-0309-472E-A9BD-E73EA8A1F423}"
EndProject
Project("{9A19103F-16F7-4668-BE54-9A1E7A4F7556}") = "LibraryService.Application", "Services\Library\src\LibraryService.Application\LibraryService.Application.csproj", "{1DBB20CB-7C52-406A-A4C9-D1B97D1E753F}"
EndProject
Project("{9A19103F-16F7-4668-BE54-9A1E7A4F7556}") = "FinanceService.Infastructure", "Services\Finance\src\FinanceService.Infastructure\FinanceService.Infastructure.csproj", "{A775F306-E00A-4835-88CB-A3B88FF6BC80}"
EndProject
Project("{9A19103F-16F7-4668-BE54-9A1E7A4F7556}") = "FinanceService.Domain", "Services\Finance\src\FinanceService.Domain\FinanceService.Domain.csproj", "{3F810053-A56B-4B12-8460-5793860B8892}"
EndProject
Project("{9A19103F-16F7-4668-BE54-9A1E7A4F7556}") = "FinanceService.Application", "Services\Finance\src\FinanceService.Application\FinanceService.Application.csproj", "{56E775B2-A09C-403F-A0F4-31352D5F4976}"
EndProject
Project("{2150E333-8FDC-42A3-9474-1A3956D46DE8}") = "Solution Items", "Solution Items", "{10275D7A-65C1-4983-91A9-6790376E64DB}"
	ProjectSection(SolutionItems) = preProject
		Services\MySql\init\schema.sql = Services\MySql\init\schema.sql
	EndProjectSection
EndProject
Project("{2150E333-8FDC-42A3-9474-1A3956D46DE8}") = "Web.Bff.Student.PortalGateway", "Web.Bff.Student.PortalGateway", "{3AE9C256-47B2-4D10-9DC0-1F512739DDE4}"
EndProject
Project("{2150E333-8FDC-42A3-9474-1A3956D46DE8}") = "Web.Bff.Library.PortalGateway", "Web.Bff.Library.PortalGateway", "{D4A1EE02-41EE-437D-B38D-AC4C69BECA58}"
EndProject
Project("{2150E333-8FDC-42A3-9474-1A3956D46DE8}") = "Web.Bff.Finance.PortalGateway", "Web.Bff.Finance.PortalGateway", "{0C864D4D-89D6-425A-B375-2E2B84FCCEBC}"
EndProject
Project("{9A19103F-16F7-4668-BE54-9A1E7A4F7556}") = "FinancePortal", "FinancePortal\FinancePortal.csproj", "{427CE496-377A-4F85-833A-5CFA887B7833}"
EndProject
Project("{9A19103F-16F7-4668-BE54-9A1E7A4F7556}") = "StudentPortal", "StudentPortal\StudentPortal.csproj", "{64E66910-8CDA-4753-8E53-05C991723A0D}"
EndProject
Project("{9A19103F-16F7-4668-BE54-9A1E7A4F7556}") = "RegistrarService.Api", "Services\Registrar\src\RegistrarService.Api\RegistrarService.Api.csproj", "{39E12874-31D9-4B0A-8DEC-BBA273B20BE1}"
EndProject
Project("{9A19103F-16F7-4668-BE54-9A1E7A4F7556}") = "RegistrarService.Application", "Services\Registrar\src\RegistrarService.Application\RegistrarService.Application.csproj", "{5DF3B94D-02A2-4C36-9C48-C6C725628FBF}"
EndProject
Project("{9A19103F-16F7-4668-BE54-9A1E7A4F7556}") = "RegistrarService.Domain", "Services\Registrar\src\RegistrarService.Domain\RegistrarService.Domain.csproj", "{09991F99-10B9-4700-8A18-4AFABA868CA1}"
EndProject
Project("{9A19103F-16F7-4668-BE54-9A1E7A4F7556}") = "RegistrarService.Infastructure", "Services\Registrar\src\RegistrarService.Infastructure\RegistrarService.Infastructure.csproj", "{9224C196-44A5-49FC-AD37-0AE7A7CF2B4F}"
EndProject
Global
	GlobalSection(SolutionConfigurationPlatforms) = preSolution
		Debug|Any CPU = Debug|Any CPU
		Release|Any CPU = Release|Any CPU
	EndGlobalSection
	GlobalSection(ProjectConfigurationPlatforms) = postSolution
		{DF08D662-A44C-45E7-A761-D1D14701D786}.Debug|Any CPU.ActiveCfg = Debug|Any CPU
		{DF08D662-A44C-45E7-A761-D1D14701D786}.Debug|Any CPU.Build.0 = Debug|Any CPU
		{DF08D662-A44C-45E7-A761-D1D14701D786}.Release|Any CPU.ActiveCfg = Release|Any CPU
		{DF08D662-A44C-45E7-A761-D1D14701D786}.Release|Any CPU.Build.0 = Release|Any CPU
		{11C35119-984C-4E70-B611-5D683598D7D2}.Debug|Any CPU.ActiveCfg = Debug|Any CPU
		{11C35119-984C-4E70-B611-5D683598D7D2}.Debug|Any CPU.Build.0 = Debug|Any CPU
		{11C35119-984C-4E70-B611-5D683598D7D2}.Release|Any CPU.ActiveCfg = Release|Any CPU
		{11C35119-984C-4E70-B611-5D683598D7D2}.Release|Any CPU.Build.0 = Release|Any CPU
		{6EFA89EA-696F-45BC-BEDA-E1E2CD63E37F}.Debug|Any CPU.ActiveCfg = Debug|Any CPU
		{6EFA89EA-696F-45BC-BEDA-E1E2CD63E37F}.Debug|Any CPU.Build.0 = Debug|Any CPU
		{6EFA89EA-696F-45BC-BEDA-E1E2CD63E37F}.Release|Any CPU.ActiveCfg = Release|Any CPU
		{6EFA89EA-696F-45BC-BEDA-E1E2CD63E37F}.Release|Any CPU.Build.0 = Release|Any CPU
		{F487A5E0-2828-4345-8A45-97FDE3B5CB1D}.Debug|Any CPU.ActiveCfg = Debug|Any CPU
		{F487A5E0-2828-4345-8A45-97FDE3B5CB1D}.Debug|Any CPU.Build.0 = Debug|Any CPU
		{F487A5E0-2828-4345-8A45-97FDE3B5CB1D}.Release|Any CPU.ActiveCfg = Release|Any CPU
		{F487A5E0-2828-4345-8A45-97FDE3B5CB1D}.Release|Any CPU.Build.0 = Release|Any CPU
		{324FD2EA-9DB8-4D54-BB49-F6121B41DCAD}.Debug|Any CPU.ActiveCfg = Debug|Any CPU
		{324FD2EA-9DB8-4D54-BB49-F6121B41DCAD}.Debug|Any CPU.Build.0 = Debug|Any CPU
		{324FD2EA-9DB8-4D54-BB49-F6121B41DCAD}.Release|Any CPU.ActiveCfg = Release|Any CPU
		{324FD2EA-9DB8-4D54-BB49-F6121B41DCAD}.Release|Any CPU.Build.0 = Release|Any CPU
		{FD15F990-BE28-4650-BD05-09598FC44C30}.Debug|Any CPU.ActiveCfg = Debug|Any CPU
		{FD15F990-BE28-4650-BD05-09598FC44C30}.Debug|Any CPU.Build.0 = Debug|Any CPU
		{FD15F990-BE28-4650-BD05-09598FC44C30}.Release|Any CPU.ActiveCfg = Release|Any CPU
		{FD15F990-BE28-4650-BD05-09598FC44C30}.Release|Any CPU.Build.0 = Release|Any CPU
		{A84F44F7-0309-472E-A9BD-E73EA8A1F423}.Debug|Any CPU.ActiveCfg = Debug|Any CPU
		{A84F44F7-0309-472E-A9BD-E73EA8A1F423}.Debug|Any CPU.Build.0 = Debug|Any CPU
		{A84F44F7-0309-472E-A9BD-E73EA8A1F423}.Release|Any CPU.ActiveCfg = Release|Any CPU
		{A84F44F7-0309-472E-A9BD-E73EA8A1F423}.Release|Any CPU.Build.0 = Release|Any CPU
		{1DBB20CB-7C52-406A-A4C9-D1B97D1E753F}.Debug|Any CPU.ActiveCfg = Debug|Any CPU
		{1DBB20CB-7C52-406A-A4C9-D1B97D1E753F}.Debug|Any CPU.Build.0 = Debug|Any CPU
		{1DBB20CB-7C52-406A-A4C9-D1B97D1E753F}.Release|Any CPU.ActiveCfg = Release|Any CPU
		{1DBB20CB-7C52-406A-A4C9-D1B97D1E753F}.Release|Any CPU.Build.0 = Release|Any CPU
		{A775F306-E00A-4835-88CB-A3B88FF6BC80}.Debug|Any CPU.ActiveCfg = Debug|Any CPU
		{A775F306-E00A-4835-88CB-A3B88FF6BC80}.Debug|Any CPU.Build.0 = Debug|Any CPU
		{A775F306-E00A-4835-88CB-A3B88FF6BC80}.Release|Any CPU.ActiveCfg = Release|Any CPU
		{A775F306-E00A-4835-88CB-A3B88FF6BC80}.Release|Any CPU.Build.0 = Release|Any CPU
		{3F810053-A56B-4B12-8460-5793860B8892}.Debug|Any CPU.ActiveCfg = Debug|Any CPU
		{3F810053-A56B-4B12-8460-5793860B8892}.Debug|Any CPU.Build.0 = Debug|Any CPU
		{3F810053-A56B-4B12-8460-5793860B8892}.Release|Any CPU.ActiveCfg = Release|Any CPU
		{3F810053-A56B-4B12-8460-5793860B8892}.Release|Any CPU.Build.0 = Release|Any CPU
		{56E775B2-A09C-403F-A0F4-31352D5F4976}.Debug|Any CPU.ActiveCfg = Debug|Any CPU
		{56E775B2-A09C-403F-A0F4-31352D5F4976}.Debug|Any CPU.Build.0 = Debug|Any CPU
		{56E775B2-A09C-403F-A0F4-31352D5F4976}.Release|Any CPU.ActiveCfg = Release|Any CPU
		{56E775B2-A09C-403F-A0F4-31352D5F4976}.Release|Any CPU.Build.0 = Release|Any CPU
		{427CE496-377A-4F85-833A-5CFA887B7833}.Debug|Any CPU.ActiveCfg = Debug|Any CPU
		{427CE496-377A-4F85-833A-5CFA887B7833}.Debug|Any CPU.Build.0 = Debug|Any CPU
		{427CE496-377A-4F85-833A-5CFA887B7833}.Release|Any CPU.ActiveCfg = Release|Any CPU
		{427CE496-377A-4F85-833A-5CFA887B7833}.Release|Any CPU.Build.0 = Release|Any CPU
		{64E66910-8CDA-4753-8E53-05C991723A0D}.Debug|Any CPU.ActiveCfg = Debug|Any CPU
		{64E66910-8CDA-4753-8E53-05C991723A0D}.Debug|Any CPU.Build.0 = Debug|Any CPU
		{64E66910-8CDA-4753-8E53-05C991723A0D}.Release|Any CPU.ActiveCfg = Release|Any CPU
		{64E66910-8CDA-4753-8E53-05C991723A0D}.Release|Any CPU.Build.0 = Release|Any CPU
		{39E12874-31D9-4B0A-8DEC-BBA273B20BE1}.Debug|Any CPU.ActiveCfg = Debug|Any CPU
		{39E12874-31D9-4B0A-8DEC-BBA273B20BE1}.Debug|Any CPU.Build.0 = Debug|Any CPU
		{39E12874-31D9-4B0A-8DEC-BBA273B20BE1}.Release|Any CPU.ActiveCfg = Release|Any CPU
		{39E12874-31D9-4B0A-8DEC-BBA273B20BE1}.Release|Any CPU.Build.0 = Release|Any CPU
		{5DF3B94D-02A2-4C36-9C48-C6C725628FBF}.Debug|Any CPU.ActiveCfg = Debug|Any CPU
		{5DF3B94D-02A2-4C36-9C48-C6C725628FBF}.Debug|Any CPU.Build.0 = Debug|Any CPU
		{5DF3B94D-02A2-4C36-9C48-C6C725628FBF}.Release|Any CPU.ActiveCfg = Release|Any CPU
		{5DF3B94D-02A2-4C36-9C48-C6C725628FBF}.Release|Any CPU.Build.0 = Release|Any CPU
		{09991F99-10B9-4700-8A18-4AFABA868CA1}.Debug|Any CPU.ActiveCfg = Debug|Any CPU
		{09991F99-10B9-4700-8A18-4AFABA868CA1}.Debug|Any CPU.Build.0 = Debug|Any CPU
		{09991F99-10B9-4700-8A18-4AFABA868CA1}.Release|Any CPU.ActiveCfg = Release|Any CPU
		{09991F99-10B9-4700-8A18-4AFABA868CA1}.Release|Any CPU.Build.0 = Release|Any CPU
		{9224C196-44A5-49FC-AD37-0AE7A7CF2B4F}.Debug|Any CPU.ActiveCfg = Debug|Any CPU
		{9224C196-44A5-49FC-AD37-0AE7A7CF2B4F}.Debug|Any CPU.Build.0 = Debug|Any CPU
		{9224C196-44A5-49FC-AD37-0AE7A7CF2B4F}.Release|Any CPU.ActiveCfg = Release|Any CPU
		{9224C196-44A5-49FC-AD37-0AE7A7CF2B4F}.Release|Any CPU.Build.0 = Release|Any CPU
	EndGlobalSection
	GlobalSection(SolutionProperties) = preSolution
		HideSolutionNode = FALSE
	EndGlobalSection
	GlobalSection(ExtensibilityGlobals) = postSolution
		SolutionGuid = {9D97BE03-4E77-46C5-8FF7-FBC5DA68AD93}
	EndGlobalSection
EndGlobal
