
Microsoft Visual Studio Solution File, Format Version 12.00
# Visual Studio Version 17
VisualStudioVersion = 17.0.31903.59
MinimumVisualStudioVersion = 10.0.40219.1
Project("{9A19103F-16F7-4668-BE54-9A1E7A4F7556}") = "StudentService.Domain", "src\StudentService.Domain\StudentService.Domain.csproj", "{76A52EE0-8030-45C5-98B3-CDFFA142C13C}"
EndProject
Project("{9A19103F-16F7-4668-BE54-9A1E7A4F7556}") = "StudentService.Application", "src\StudentService.Application\StudentService.Application.csproj", "{D9027B9A-51C5-4BFC-A710-6C954FADCDF5}"
EndProject
Project("{9A19103F-16F7-4668-BE54-9A1E7A4F7556}") = "StudentService.Infastructure", "src\StudentService.Infastructure\StudentService.Infastructure.csproj", "{BBC7B4C7-44A2-4295-9C16-FCF03FEB5DB9}"
	ProjectSection(ProjectDependencies) = postProject
		{76A52EE0-8030-45C5-98B3-CDFFA142C13C} = {76A52EE0-8030-45C5-98B3-CDFFA142C13C}
	EndProjectSection
EndProject
Project("{9A19103F-16F7-4668-BE54-9A1E7A4F7556}") = "StudentService.Api", "src\StudentService.Api\StudentService.Api.csproj", "{65717F44-B81B-4C6F-89C3-753D7C0BF99F}"
EndProject
Global
	GlobalSection(SolutionConfigurationPlatforms) = preSolution
		Debug|Any CPU = Debug|Any CPU
		Release|Any CPU = Release|Any CPU
	EndGlobalSection
	GlobalSection(ProjectConfigurationPlatforms) = postSolution
		{76A52EE0-8030-45C5-98B3-CDFFA142C13C}.Debug|Any CPU.ActiveCfg = Debug|Any CPU
		{76A52EE0-8030-45C5-98B3-CDFFA142C13C}.Debug|Any CPU.Build.0 = Debug|Any CPU
		{76A52EE0-8030-45C5-98B3-CDFFA142C13C}.Release|Any CPU.ActiveCfg = Release|Any CPU
		{76A52EE0-8030-45C5-98B3-CDFFA142C13C}.Release|Any CPU.Build.0 = Release|Any CPU
		{D9027B9A-51C5-4BFC-A710-6C954FADCDF5}.Debug|Any CPU.ActiveCfg = Debug|Any CPU
		{D9027B9A-51C5-4BFC-A710-6C954FADCDF5}.Debug|Any CPU.Build.0 = Debug|Any CPU
		{D9027B9A-51C5-4BFC-A710-6C954FADCDF5}.Release|Any CPU.ActiveCfg = Release|Any CPU
		{D9027B9A-51C5-4BFC-A710-6C954FADCDF5}.Release|Any CPU.Build.0 = Release|Any CPU
		{BBC7B4C7-44A2-4295-9C16-FCF03FEB5DB9}.Debug|Any CPU.ActiveCfg = Debug|Any CPU
		{BBC7B4C7-44A2-4295-9C16-FCF03FEB5DB9}.Debug|Any CPU.Build.0 = Debug|Any CPU
		{BBC7B4C7-44A2-4295-9C16-FCF03FEB5DB9}.Release|Any CPU.ActiveCfg = Release|Any CPU
		{BBC7B4C7-44A2-4295-9C16-FCF03FEB5DB9}.Release|Any CPU.Build.0 = Release|Any CPU
		{65717F44-B81B-4C6F-89C3-753D7C0BF99F}.Debug|Any CPU.ActiveCfg = Debug|Any CPU
		{65717F44-B81B-4C6F-89C3-753D7C0BF99F}.Debug|Any CPU.Build.0 = Debug|Any CPU
		{65717F44-B81B-4C6F-89C3-753D7C0BF99F}.Release|Any CPU.ActiveCfg = Release|Any CPU
		{65717F44-B81B-4C6F-89C3-753D7C0BF99F}.Release|Any CPU.Build.0 = Release|Any CPU
	EndGlobalSection
	GlobalSection(SolutionProperties) = preSolution
		HideSolutionNode = FALSE
	EndGlobalSection
EndGlobal
