
Microsoft Visual Studio Solution File, Format Version 12.00
# Visual Studio Version 17
VisualStudioVersion = 17.8.34525.116
MinimumVisualStudioVersion = 10.0.40219.1
Project("{FAE04EC0-301F-11D3-BF4B-00C04F79EFBC}") = "IoTDataExtractor", "IoTDataExtractor.csproj", "{ECD76B4D-DF85-49F8-ABDA-EB9E656019A4}"
EndProject
Global
	GlobalSection(SolutionConfigurationPlatforms) = preSolution
		Debug|Any CPU = Debug|Any CPU
		Release|Any CPU = Release|Any CPU
	EndGlobalSection
	GlobalSection(ProjectConfigurationPlatforms) = postSolution
		{ECD76B4D-DF85-49F8-ABDA-EB9E656019A4}.Debug|Any CPU.ActiveCfg = Debug|Any CPU
		{ECD76B4D-DF85-49F8-ABDA-EB9E656019A4}.Debug|Any CPU.Build.0 = Debug|Any CPU
		{ECD76B4D-DF85-49F8-ABDA-EB9E656019A4}.Release|Any CPU.ActiveCfg = Release|Any CPU
		{ECD76B4D-DF85-49F8-ABDA-EB9E656019A4}.Release|Any CPU.Build.0 = Release|Any CPU
	EndGlobalSection
	GlobalSection(SolutionProperties) = preSolution
		HideSolutionNode = FALSE
	EndGlobalSection
	GlobalSection(ExtensibilityGlobals) = postSolution
		SolutionGuid = {476069BD-6D54-4DB9-9B3F-36C81EAF52F0}
	EndGlobalSection
EndGlobal
