
Microsoft Visual Studio Solution File, Format Version 12.00
# Visual Studio Version 17
VisualStudioVersion = 17.5.33516.290
MinimumVisualStudioVersion = 10.0.40219.1
Project("{9A19103F-16F7-4668-BE54-9A1E7A4F7556}") = "StudentService.Domain", "src\StudentService.Domain\StudentService.Domain.csproj", "{B73A0FF9-D7E6-42FD-98CF-743723286632}"
EndProject
Project("{9A19103F-16F7-4668-BE54-9A1E7A4F7556}") = "StudentService.Application", "src\StudentService.Application\StudentService.Application.csproj", "{FF523791-6827-440F-ABE0-58ABA6406BCD}"
EndProject
Project("{9A19103F-16F7-4668-BE54-9A1E7A4F7556}") = "StudentService.Infastructure", "src\StudentService.Infastructure\StudentService.Infastructure.csproj", "{90201CEB-D167-4B0E-A465-526F77AFF7C8}"
EndProject
Project("{9A19103F-16F7-4668-BE54-9A1E7A4F7556}") = "StudentService.Portal", "src\StudentService.Portal\StudentService.Portal.csproj", "{DD1377DB-8C5A-4A88-8BE6-3AEFDD9E2D1D}"
EndProject
Global
	GlobalSection(SolutionConfigurationPlatforms) = preSolution
		Debug|Any CPU = Debug|Any CPU
		Release|Any CPU = Release|Any CPU
	EndGlobalSection
	GlobalSection(ProjectConfigurationPlatforms) = postSolution
		{B73A0FF9-D7E6-42FD-98CF-743723286632}.Debug|Any CPU.ActiveCfg = Debug|Any CPU
		{B73A0FF9-D7E6-42FD-98CF-743723286632}.Debug|Any CPU.Build.0 = Debug|Any CPU
		{B73A0FF9-D7E6-42FD-98CF-743723286632}.Release|Any CPU.ActiveCfg = Release|Any CPU
		{B73A0FF9-D7E6-42FD-98CF-743723286632}.Release|Any CPU.Build.0 = Release|Any CPU
		{FF523791-6827-440F-ABE0-58ABA6406BCD}.Debug|Any CPU.ActiveCfg = Debug|Any CPU
		{FF523791-6827-440F-ABE0-58ABA6406BCD}.Debug|Any CPU.Build.0 = Debug|Any CPU
		{FF523791-6827-440F-ABE0-58ABA6406BCD}.Release|Any CPU.ActiveCfg = Release|Any CPU
		{FF523791-6827-440F-ABE0-58ABA6406BCD}.Release|Any CPU.Build.0 = Release|Any CPU
		{90201CEB-D167-4B0E-A465-526F77AFF7C8}.Debug|Any CPU.ActiveCfg = Debug|Any CPU
		{90201CEB-D167-4B0E-A465-526F77AFF7C8}.Debug|Any CPU.Build.0 = Debug|Any CPU
		{90201CEB-D167-4B0E-A465-526F77AFF7C8}.Release|Any CPU.ActiveCfg = Release|Any CPU
		{90201CEB-D167-4B0E-A465-526F77AFF7C8}.Release|Any CPU.Build.0 = Release|Any CPU
		{DD1377DB-8C5A-4A88-8BE6-3AEFDD9E2D1D}.Debug|Any CPU.ActiveCfg = Debug|Any CPU
		{DD1377DB-8C5A-4A88-8BE6-3AEFDD9E2D1D}.Debug|Any CPU.Build.0 = Debug|Any CPU
		{DD1377DB-8C5A-4A88-8BE6-3AEFDD9E2D1D}.Release|Any CPU.ActiveCfg = Release|Any CPU
		{DD1377DB-8C5A-4A88-8BE6-3AEFDD9E2D1D}.Release|Any CPU.Build.0 = Release|Any CPU
	EndGlobalSection
	GlobalSection(SolutionProperties) = preSolution
		HideSolutionNode = FALSE
	EndGlobalSection
	GlobalSection(ExtensibilityGlobals) = postSolution
		SolutionGuid = {9E653861-8ECE-470E-A7F3-71EC18B91DCD}
	EndGlobalSection
EndGlobal
